
Microsoft Visual Studio Solution File, Format Version 12.00
# Visual Studio Version 17
VisualStudioVersion = 17.7.34024.191
MinimumVisualStudioVersion = 10.0.40219.1
Project("{FAE04EC0-301F-11D3-BF4B-00C04F79EFBC}") = "tim_kiem_solonnhat", "tim_kiem_solonnhat\tim_kiem_solonnhat.csproj", "{ACBC6B8D-50AA-484E-BFC9-E595A646C82B}"
EndProject
Global
	GlobalSection(SolutionConfigurationPlatforms) = preSolution
		Debug|Any CPU = Debug|Any CPU
		Release|Any CPU = Release|Any CPU
	EndGlobalSection
	GlobalSection(ProjectConfigurationPlatforms) = postSolution
		{ACBC6B8D-50AA-484E-BFC9-E595A646C82B}.Debug|Any CPU.ActiveCfg = Debug|Any CPU
		{ACBC6B8D-50AA-484E-BFC9-E595A646C82B}.Debug|Any CPU.Build.0 = Debug|Any CPU
		{ACBC6B8D-50AA-484E-BFC9-E595A646C82B}.Release|Any CPU.ActiveCfg = Release|Any CPU
		{ACBC6B8D-50AA-484E-BFC9-E595A646C82B}.Release|Any CPU.Build.0 = Release|Any CPU
	EndGlobalSection
	GlobalSection(SolutionProperties) = preSolution
		HideSolutionNode = FALSE
	EndGlobalSection
	GlobalSection(ExtensibilityGlobals) = postSolution
		SolutionGuid = {3965CB80-5FCF-403E-B272-74DBBF28D51D}
	EndGlobalSection
EndGlobal
